
Microsoft Visual Studio Solution File, Format Version 12.00
# Visual Studio 15
VisualStudioVersion = 15.0.27130.2003
MinimumVisualStudioVersion = 10.0.40219.1
Project("{8BC9CEB8-8B4A-11D0-8D11-00A0C91BC942}") = "boggle", "boggle\boggle.vcxproj", "{FECAD27D-4A1C-4087-A0C3-A39A84D8FE83}"
EndProject
Project("{8BC9CEB8-8B4A-11D0-8D11-00A0C91BC942}") = "UnitTest", "UnitTest\UnitTest.vcxproj", "{CED563DF-6D73-4EDB-94CC-AE7B29233130}"
EndProject
Global
	GlobalSection(SolutionConfigurationPlatforms) = preSolution
		Debug|x64 = Debug|x64
		Debug|x86 = Debug|x86
		Release|x64 = Release|x64
		Release|x86 = Release|x86
	EndGlobalSection
	GlobalSection(ProjectConfigurationPlatforms) = postSolution
		{FECAD27D-4A1C-4087-A0C3-A39A84D8FE83}.Debug|x64.ActiveCfg = Debug|x64
		{FECAD27D-4A1C-4087-A0C3-A39A84D8FE83}.Debug|x64.Build.0 = Debug|x64
		{FECAD27D-4A1C-4087-A0C3-A39A84D8FE83}.Debug|x86.ActiveCfg = Debug|Win32
		{FECAD27D-4A1C-4087-A0C3-A39A84D8FE83}.Debug|x86.Build.0 = Debug|Win32
		{FECAD27D-4A1C-4087-A0C3-A39A84D8FE83}.Release|x64.ActiveCfg = Release|x64
		{FECAD27D-4A1C-4087-A0C3-A39A84D8FE83}.Release|x64.Build.0 = Release|x64
		{FECAD27D-4A1C-4087-A0C3-A39A84D8FE83}.Release|x86.ActiveCfg = Release|Win32
		{FECAD27D-4A1C-4087-A0C3-A39A84D8FE83}.Release|x86.Build.0 = Release|Win32
		{CED563DF-6D73-4EDB-94CC-AE7B29233130}.Debug|x64.ActiveCfg = Debug|x64
		{CED563DF-6D73-4EDB-94CC-AE7B29233130}.Debug|x64.Build.0 = Debug|x64
		{CED563DF-6D73-4EDB-94CC-AE7B29233130}.Debug|x86.ActiveCfg = Debug|Win32
		{CED563DF-6D73-4EDB-94CC-AE7B29233130}.Debug|x86.Build.0 = Debug|Win32
		{CED563DF-6D73-4EDB-94CC-AE7B29233130}.Release|x64.ActiveCfg = Release|x64
		{CED563DF-6D73-4EDB-94CC-AE7B29233130}.Release|x64.Build.0 = Release|x64
		{CED563DF-6D73-4EDB-94CC-AE7B29233130}.Release|x86.ActiveCfg = Release|Win32
		{CED563DF-6D73-4EDB-94CC-AE7B29233130}.Release|x86.Build.0 = Release|Win32
	EndGlobalSection
	GlobalSection(SolutionProperties) = preSolution
		HideSolutionNode = FALSE
	EndGlobalSection
	GlobalSection(ExtensibilityGlobals) = postSolution
		SolutionGuid = {7F32543D-F247-457B-9D09-A8F704611DDF}
	EndGlobalSection
EndGlobal
